
Microsoft Visual Studio Solution File, Format Version 12.00
# Visual Studio Version 16
VisualStudioVersion = 16.0.30114.105
MinimumVisualStudioVersion = 10.0.40219.1
Project("{2150E333-8FDC-42A3-9474-1A3956D46DE8}") = "src", "src", "{D3C2C258-4AE3-4F3C-B22C-191D5980E237}"
EndProject
Project("{F2A71F9B-5D33-465A-A702-920D77279786}") = "AoCSolutions.Test", "src\AoCSolutions.Test\AoCSolutions.Test.fsproj", "{29CC316A-EDFE-4905-B1B3-48DD42330BD9}"
EndProject
Global
	GlobalSection(SolutionConfigurationPlatforms) = preSolution
		Debug|Any CPU = Debug|Any CPU
		Debug|x64 = Debug|x64
		Debug|x86 = Debug|x86
		Release|Any CPU = Release|Any CPU
		Release|x64 = Release|x64
		Release|x86 = Release|x86
	EndGlobalSection
	GlobalSection(SolutionProperties) = preSolution
		HideSolutionNode = FALSE
	EndGlobalSection
	GlobalSection(ProjectConfigurationPlatforms) = postSolution
		{29CC316A-EDFE-4905-B1B3-48DD42330BD9}.Debug|Any CPU.ActiveCfg = Debug|Any CPU
		{29CC316A-EDFE-4905-B1B3-48DD42330BD9}.Debug|Any CPU.Build.0 = Debug|Any CPU
		{29CC316A-EDFE-4905-B1B3-48DD42330BD9}.Debug|x64.ActiveCfg = Debug|Any CPU
		{29CC316A-EDFE-4905-B1B3-48DD42330BD9}.Debug|x64.Build.0 = Debug|Any CPU
		{29CC316A-EDFE-4905-B1B3-48DD42330BD9}.Debug|x86.ActiveCfg = Debug|Any CPU
		{29CC316A-EDFE-4905-B1B3-48DD42330BD9}.Debug|x86.Build.0 = Debug|Any CPU
		{29CC316A-EDFE-4905-B1B3-48DD42330BD9}.Release|Any CPU.ActiveCfg = Release|Any CPU
		{29CC316A-EDFE-4905-B1B3-48DD42330BD9}.Release|Any CPU.Build.0 = Release|Any CPU
		{29CC316A-EDFE-4905-B1B3-48DD42330BD9}.Release|x64.ActiveCfg = Release|Any CPU
		{29CC316A-EDFE-4905-B1B3-48DD42330BD9}.Release|x64.Build.0 = Release|Any CPU
		{29CC316A-EDFE-4905-B1B3-48DD42330BD9}.Release|x86.ActiveCfg = Release|Any CPU
		{29CC316A-EDFE-4905-B1B3-48DD42330BD9}.Release|x86.Build.0 = Release|Any CPU
	EndGlobalSection
	GlobalSection(NestedProjects) = preSolution
		{29CC316A-EDFE-4905-B1B3-48DD42330BD9} = {D3C2C258-4AE3-4F3C-B22C-191D5980E237}
	EndGlobalSection
EndGlobal
